
Microsoft Visual Studio Solution File, Format Version 12.00
# Visual Studio 15
VisualStudioVersion = 15.0.26430.14
MinimumVisualStudioVersion = 10.0.40219.1
Project("{FAE04EC0-301F-11D3-BF4B-00C04F79EFBC}") = "SberDat", "SberDat\SberDat.csproj", "{34D074C6-D5AA-4ADE-84C6-8BDEF915117B}"
EndProject
Project("{FAE04EC0-301F-11D3-BF4B-00C04F79EFBC}") = "SberDat.Tests", "SberDat.Tests\SberDat.Tests.csproj", "{C9823B39-8315-4E8A-A738-A3D47B10E6D3}"
EndProject
Project("{FAE04EC0-301F-11D3-BF4B-00C04F79EFBC}") = "API", "API\API.csproj", "{E7DEF0BF-9F69-4815-BDDB-8F0B585DBD1D}"
EndProject
Project("{FAE04EC0-301F-11D3-BF4B-00C04F79EFBC}") = "API.Tests", "API.Tests\API.Tests.csproj", "{8467CFAD-F791-425D-B2DB-5721AEFD7617}"
EndProject
Project("{FAE04EC0-301F-11D3-BF4B-00C04F79EFBC}") = "DTOs", "DTOs\DTOs.csproj", "{FEED55F1-BD1F-49F4-8006-1BDEE26AAF62}"
EndProject
Project("{FAE04EC0-301F-11D3-BF4B-00C04F79EFBC}") = "DTOs.Tests", "DTOs.Tests\DTOs.Tests.csproj", "{B5D998C7-FA37-4B57-B94D-8078442C19E7}"
EndProject
Global
	GlobalSection(SolutionConfigurationPlatforms) = preSolution
		Debug|Any CPU = Debug|Any CPU
		Release|Any CPU = Release|Any CPU
	EndGlobalSection
	GlobalSection(ProjectConfigurationPlatforms) = postSolution
		{34D074C6-D5AA-4ADE-84C6-8BDEF915117B}.Debug|Any CPU.ActiveCfg = Debug|Any CPU
		{34D074C6-D5AA-4ADE-84C6-8BDEF915117B}.Debug|Any CPU.Build.0 = Debug|Any CPU
		{34D074C6-D5AA-4ADE-84C6-8BDEF915117B}.Release|Any CPU.ActiveCfg = Release|Any CPU
		{34D074C6-D5AA-4ADE-84C6-8BDEF915117B}.Release|Any CPU.Build.0 = Release|Any CPU
		{C9823B39-8315-4E8A-A738-A3D47B10E6D3}.Debug|Any CPU.ActiveCfg = Debug|Any CPU
		{C9823B39-8315-4E8A-A738-A3D47B10E6D3}.Debug|Any CPU.Build.0 = Debug|Any CPU
		{C9823B39-8315-4E8A-A738-A3D47B10E6D3}.Release|Any CPU.ActiveCfg = Release|Any CPU
		{C9823B39-8315-4E8A-A738-A3D47B10E6D3}.Release|Any CPU.Build.0 = Release|Any CPU
		{E7DEF0BF-9F69-4815-BDDB-8F0B585DBD1D}.Debug|Any CPU.ActiveCfg = Debug|Any CPU
		{E7DEF0BF-9F69-4815-BDDB-8F0B585DBD1D}.Debug|Any CPU.Build.0 = Debug|Any CPU
		{E7DEF0BF-9F69-4815-BDDB-8F0B585DBD1D}.Release|Any CPU.ActiveCfg = Release|Any CPU
		{E7DEF0BF-9F69-4815-BDDB-8F0B585DBD1D}.Release|Any CPU.Build.0 = Release|Any CPU
		{8467CFAD-F791-425D-B2DB-5721AEFD7617}.Debug|Any CPU.ActiveCfg = Debug|Any CPU
		{8467CFAD-F791-425D-B2DB-5721AEFD7617}.Debug|Any CPU.Build.0 = Debug|Any CPU
		{8467CFAD-F791-425D-B2DB-5721AEFD7617}.Release|Any CPU.ActiveCfg = Release|Any CPU
		{8467CFAD-F791-425D-B2DB-5721AEFD7617}.Release|Any CPU.Build.0 = Release|Any CPU
		{FEED55F1-BD1F-49F4-8006-1BDEE26AAF62}.Debug|Any CPU.ActiveCfg = Debug|Any CPU
		{FEED55F1-BD1F-49F4-8006-1BDEE26AAF62}.Debug|Any CPU.Build.0 = Debug|Any CPU
		{FEED55F1-BD1F-49F4-8006-1BDEE26AAF62}.Release|Any CPU.ActiveCfg = Release|Any CPU
		{FEED55F1-BD1F-49F4-8006-1BDEE26AAF62}.Release|Any CPU.Build.0 = Release|Any CPU
		{B5D998C7-FA37-4B57-B94D-8078442C19E7}.Debug|Any CPU.ActiveCfg = Debug|Any CPU
		{B5D998C7-FA37-4B57-B94D-8078442C19E7}.Debug|Any CPU.Build.0 = Debug|Any CPU
		{B5D998C7-FA37-4B57-B94D-8078442C19E7}.Release|Any CPU.ActiveCfg = Release|Any CPU
		{B5D998C7-FA37-4B57-B94D-8078442C19E7}.Release|Any CPU.Build.0 = Release|Any CPU
	EndGlobalSection
	GlobalSection(SolutionProperties) = preSolution
		HideSolutionNode = FALSE
	EndGlobalSection
EndGlobal
